
Microsoft Visual Studio Solution File, Format Version 12.00
# Visual Studio Version 16
VisualStudioVersion = 16.0.30523.141
MinimumVisualStudioVersion = 10.0.40219.1
Project("{FAE04EC0-301F-11D3-BF4B-00C04F79EFBC}") = "SumOfAllFears", "SumOfAllFears.csproj", "{3D3488F9-54BF-495A-BE8A-EA3E92D5FA79}"
EndProject
Global
	GlobalSection(SolutionConfigurationPlatforms) = preSolution
		Debug|Any CPU = Debug|Any CPU
		Release|Any CPU = Release|Any CPU
	EndGlobalSection
	GlobalSection(ProjectConfigurationPlatforms) = postSolution
		{3D3488F9-54BF-495A-BE8A-EA3E92D5FA79}.Debug|Any CPU.ActiveCfg = Debug|Any CPU
		{3D3488F9-54BF-495A-BE8A-EA3E92D5FA79}.Debug|Any CPU.Build.0 = Debug|Any CPU
		{3D3488F9-54BF-495A-BE8A-EA3E92D5FA79}.Release|Any CPU.ActiveCfg = Release|Any CPU
		{3D3488F9-54BF-495A-BE8A-EA3E92D5FA79}.Release|Any CPU.Build.0 = Release|Any CPU
	EndGlobalSection
	GlobalSection(SolutionProperties) = preSolution
		HideSolutionNode = FALSE
	EndGlobalSection
	GlobalSection(ExtensibilityGlobals) = postSolution
		SolutionGuid = {2259F82A-A76D-40D5-B18A-78BEFADFEB63}
	EndGlobalSection
EndGlobal
